
Microsoft Visual Studio Solution File, Format Version 12.00
# Visual Studio Version 17
VisualStudioVersion = 17.14.35806.103
MinimumVisualStudioVersion = 10.0.40219.1
Project("{8BC9CEB8-8B4A-11D0-8D11-00A0C91BC942}") = "Lab 0 - Initialization", "LabsOpenGLAdvanced.vcxproj", "{309B0C61-20C0-41AF-A015-F82A42320569}"
EndProject
Project("{8BC9CEB8-8B4A-11D0-8D11-00A0C91BC942}") = "Lab 1 - Spinning triangle", "Lab 1\Project_Template.vcxproj", "{2424A6AC-480B-441A-94EA-86C5C10C6ABF}"
EndProject
Project("{8BC9CEB8-8B4A-11D0-8D11-00A0C91BC942}") = "Lab 2.1 - Diffuse", "Lab 2\Lab 2.vcxproj", "{A2BF5BBF-B40D-4FCE-8BB5-EC07A6D75012}"
EndProject
Project("{8BC9CEB8-8B4A-11D0-8D11-00A0C91BC942}") = "Lab 2.2 - Phong Model", "Lab 2 - phong model\Lab 2 - phong model.vcxproj", "{367AD74B-F4F7-4EAE-85FA-F5051D242CD2}"
EndProject
Project("{8BC9CEB8-8B4A-11D0-8D11-00A0C91BC942}") = "Lab 2.3 - Flat Shading", "Lab 2 - flat shading\Lab 2 - flat shading.vcxproj", "{32A60563-4429-47E9-AC87-1CEC28963375}"
EndProject
Project("{8BC9CEB8-8B4A-11D0-8D11-00A0C91BC942}") = "Lab 3.1 - Per-vertex lighting (Gouraud shading), Multiple Lights in Vertex Shader", "Lab 3.1 - multiple Lights in vertex shader\Lab 3.1 - multiple Lights in vertex shader.vcxproj", "{EBF49745-BB07-43BB-8F78-D5416E582181}"
EndProject
Project("{8BC9CEB8-8B4A-11D0-8D11-00A0C91BC942}") = "Lab 3.2 - Per-fragment lighting (Phong shading), Multiple Lights on Fragment Shader", "Lab 3.2 - multiple Lights on fragment shader\Lab 3.2 - multiple Lights on fragment shader.vcxproj", "{F19CEBCE-323D-4889-B914-848E3C0C0344}"
EndProject
Project("{8BC9CEB8-8B4A-11D0-8D11-00A0C91BC942}") = "Lab 3.3 - pig mesh", "Lab 3.3 - pig mesh\Lab 3.3 - pig mesh.vcxproj", "{26E7A817-1607-40D4-8937-A28A1682D664}"
EndProject
Project("{8BC9CEB8-8B4A-11D0-8D11-00A0C91BC942}") = "Lab 3.4 - Spotlight", "Lab 3.4 - spotlight\Lab 3.4 - spotlight.vcxproj", "{ABB866DB-E0DF-4D48-8395-866CA329B69F}"
EndProject
Project("{8BC9CEB8-8B4A-11D0-8D11-00A0C91BC942}") = "Lab 3.5 - Toon Shading", "Lab 3.5 - toon shading\Lab 3.5 - toon shading.vcxproj", "{E8FC3A3D-6C2B-4A95-890D-8145659A99E0}"
EndProject
Project("{8BC9CEB8-8B4A-11D0-8D11-00A0C91BC942}") = "Lab 3.6 - Fog", "Lab 3.6 - fog\Lab 3.6 - fog.vcxproj", "{B5557AEE-B16E-43C7-A244-50190B78DF5B}"
EndProject
Project("{8BC9CEB8-8B4A-11D0-8D11-00A0C91BC942}") = "Lab 4 Cube setup", "Lab 4 template setup\Lab 4 template setup.vcxproj", "{C159A4F1-C6B3-421C-8544-D53D1585228C}"
EndProject
Project("{8BC9CEB8-8B4A-11D0-8D11-00A0C91BC942}") = "Lab 4.1 - Single Texture", "Lab 4.1 - single texture\Lab 4.1 - single texture.vcxproj", "{F29B2343-6992-4782-A421-42196DD8AF89}"
EndProject
Project("{8BC9CEB8-8B4A-11D0-8D11-00A0C91BC942}") = "Lab 4.2 - Multi Texture", "Lab 4.2 - multi texture\Lab 4.2 - multi texture.vcxproj", "{11606778-1DEE-4541-A5C3-EDAA6D8C64CD}"
EndProject
Project("{8BC9CEB8-8B4A-11D0-8D11-00A0C91BC942}") = "Lab 4.3 - Alpha Discard", "Lab 4.3 - alpha discard\Lab 4.3 - alpha discard.vcxproj", "{910358C7-7AA1-4819-A677-A83F0217D243}"
EndProject
Project("{8BC9CEB8-8B4A-11D0-8D11-00A0C91BC942}") = "Lab 4.4 - Normal Mapping", "Lab 4.4 - normal map\Lab 4.4 - normal map.vcxproj", "{C1E0B105-9A78-4B02-9C99-133C6FB85C8B}"
EndProject
Project("{8BC9CEB8-8B4A-11D0-8D11-00A0C91BC942}") = "Lab 4.5 - Skybox", "Lab 4.5 - skybox\Lab 4.5 - skybox.vcxproj", "{C6D9FEF6-3C96-4903-ABB0-2164891E76A6}"
EndProject
Project("{8BC9CEB8-8B4A-11D0-8D11-00A0C91BC942}") = "Lab 4.6 - Skybox Reflection", "Lab 4.6 - skybox reflection\Lab 4.6 - skybox reflection.vcxproj", "{82E5674E-E9B0-4E9A-8EC8-27682FC7987F}"
EndProject
Project("{8BC9CEB8-8B4A-11D0-8D11-00A0C91BC942}") = "Lab 4.7 - Projected Texture", "Lab 4.7 - projected texture\Lab 4.7 - projected texture.vcxproj", "{226B96F6-069E-4056-AB85-FB8888BA38E0}"
EndProject
Project("{8BC9CEB8-8B4A-11D0-8D11-00A0C91BC942}") = "Lab 4.8 - Render to Texture", "Lab 4.8 - render to texture\Lab 4.8 - render to texture.vcxproj", "{F2BCFDC3-6D3C-4861-8BDC-DCFA7FECA8BA}"
EndProject
Project("{8BC9CEB8-8B4A-11D0-8D11-00A0C91BC942}") = "Lab 5.1 - Edge Detection", "Lab 5.1 - edge detection\Lab 5.1 - edge detection.vcxproj", "{14EFA96E-5094-49EF-B5C7-ABC8DF97D3AD}"
EndProject
Project("{8BC9CEB8-8B4A-11D0-8D11-00A0C91BC942}") = "Lab 5.2 - Gaussian Blur", "Lab 5.2 - gaussian blur\Lab 5.2 - gaussian blur.vcxproj", "{0CBD4E26-AB36-4BCE-B299-93BBD39875B1}"
EndProject
Project("{8BC9CEB8-8B4A-11D0-8D11-00A0C91BC942}") = "Lab 5.3 - HDR with Tone Mapping", "Lab 5.3 - hdr with tone mapping\Lab 5.3 - hdr with tone mapping.vcxproj", "{4B88EFCF-7F27-4C41-AB0A-4C40659BEF14}"
EndProject
Project("{8BC9CEB8-8B4A-11D0-8D11-00A0C91BC942}") = "Lab 5.4 - Bloom Effect with Gamma Correction", "Lab 5.4 - bloom effect with gamma correction\Lab 5.4 - bloom effect with gamma correction.vcxproj", "{F346608B-B2D8-47D8-A02B-8AF2F0BA25BF}"
EndProject
Project("{8BC9CEB8-8B4A-11D0-8D11-00A0C91BC942}") = "Lab 5.5 - Deferred Shading", "Lab 5.5 - deferred shading\Lab 5.5 - deferred shading.vcxproj", "{4E0C4752-5012-4FA3-A41F-43AEF7E516FF}"
EndProject
Project("{8BC9CEB8-8B4A-11D0-8D11-00A0C91BC942}") = "Lab 6.1 - Point Sprites", "Lab 6.1 - point sprites\Lab 6.1 - point sprites.vcxproj", "{9C6CAA42-6185-4D5C-8BBD-8194D9CFC8DF}"
EndProject
Global
	GlobalSection(SolutionConfigurationPlatforms) = preSolution
		Debug|x64 = Debug|x64
		Debug|x86 = Debug|x86
		Release|x64 = Release|x64
		Release|x86 = Release|x86
	EndGlobalSection
	GlobalSection(ProjectConfigurationPlatforms) = postSolution
		{309B0C61-20C0-41AF-A015-F82A42320569}.Debug|x64.ActiveCfg = Debug|x64
		{309B0C61-20C0-41AF-A015-F82A42320569}.Debug|x64.Build.0 = Debug|x64
		{309B0C61-20C0-41AF-A015-F82A42320569}.Debug|x86.ActiveCfg = Debug|Win32
		{309B0C61-20C0-41AF-A015-F82A42320569}.Debug|x86.Build.0 = Debug|Win32
		{309B0C61-20C0-41AF-A015-F82A42320569}.Release|x64.ActiveCfg = Release|x64
		{309B0C61-20C0-41AF-A015-F82A42320569}.Release|x64.Build.0 = Release|x64
		{309B0C61-20C0-41AF-A015-F82A42320569}.Release|x86.ActiveCfg = Release|Win32
		{309B0C61-20C0-41AF-A015-F82A42320569}.Release|x86.Build.0 = Release|Win32
		{2424A6AC-480B-441A-94EA-86C5C10C6ABF}.Debug|x64.ActiveCfg = Debug|x64
		{2424A6AC-480B-441A-94EA-86C5C10C6ABF}.Debug|x64.Build.0 = Debug|x64
		{2424A6AC-480B-441A-94EA-86C5C10C6ABF}.Debug|x86.ActiveCfg = Debug|Win32
		{2424A6AC-480B-441A-94EA-86C5C10C6ABF}.Debug|x86.Build.0 = Debug|Win32
		{2424A6AC-480B-441A-94EA-86C5C10C6ABF}.Release|x64.ActiveCfg = Release|x64
		{2424A6AC-480B-441A-94EA-86C5C10C6ABF}.Release|x64.Build.0 = Release|x64
		{2424A6AC-480B-441A-94EA-86C5C10C6ABF}.Release|x86.ActiveCfg = Release|Win32
		{2424A6AC-480B-441A-94EA-86C5C10C6ABF}.Release|x86.Build.0 = Release|Win32
		{A2BF5BBF-B40D-4FCE-8BB5-EC07A6D75012}.Debug|x64.ActiveCfg = Debug|x64
		{A2BF5BBF-B40D-4FCE-8BB5-EC07A6D75012}.Debug|x64.Build.0 = Debug|x64
		{A2BF5BBF-B40D-4FCE-8BB5-EC07A6D75012}.Debug|x86.ActiveCfg = Debug|Win32
		{A2BF5BBF-B40D-4FCE-8BB5-EC07A6D75012}.Debug|x86.Build.0 = Debug|Win32
		{A2BF5BBF-B40D-4FCE-8BB5-EC07A6D75012}.Release|x64.ActiveCfg = Release|x64
		{A2BF5BBF-B40D-4FCE-8BB5-EC07A6D75012}.Release|x64.Build.0 = Release|x64
		{A2BF5BBF-B40D-4FCE-8BB5-EC07A6D75012}.Release|x86.ActiveCfg = Release|Win32
		{A2BF5BBF-B40D-4FCE-8BB5-EC07A6D75012}.Release|x86.Build.0 = Release|Win32
		{367AD74B-F4F7-4EAE-85FA-F5051D242CD2}.Debug|x64.ActiveCfg = Debug|x64
		{367AD74B-F4F7-4EAE-85FA-F5051D242CD2}.Debug|x64.Build.0 = Debug|x64
		{367AD74B-F4F7-4EAE-85FA-F5051D242CD2}.Debug|x86.ActiveCfg = Debug|Win32
		{367AD74B-F4F7-4EAE-85FA-F5051D242CD2}.Debug|x86.Build.0 = Debug|Win32
		{367AD74B-F4F7-4EAE-85FA-F5051D242CD2}.Release|x64.ActiveCfg = Release|x64
		{367AD74B-F4F7-4EAE-85FA-F5051D242CD2}.Release|x64.Build.0 = Release|x64
		{367AD74B-F4F7-4EAE-85FA-F5051D242CD2}.Release|x86.ActiveCfg = Release|Win32
		{367AD74B-F4F7-4EAE-85FA-F5051D242CD2}.Release|x86.Build.0 = Release|Win32
		{32A60563-4429-47E9-AC87-1CEC28963375}.Debug|x64.ActiveCfg = Debug|x64
		{32A60563-4429-47E9-AC87-1CEC28963375}.Debug|x64.Build.0 = Debug|x64
		{32A60563-4429-47E9-AC87-1CEC28963375}.Debug|x86.ActiveCfg = Debug|Win32
		{32A60563-4429-47E9-AC87-1CEC28963375}.Debug|x86.Build.0 = Debug|Win32
		{32A60563-4429-47E9-AC87-1CEC28963375}.Release|x64.ActiveCfg = Release|x64
		{32A60563-4429-47E9-AC87-1CEC28963375}.Release|x64.Build.0 = Release|x64
		{32A60563-4429-47E9-AC87-1CEC28963375}.Release|x86.ActiveCfg = Release|Win32
		{32A60563-4429-47E9-AC87-1CEC28963375}.Release|x86.Build.0 = Release|Win32
		{EBF49745-BB07-43BB-8F78-D5416E582181}.Debug|x64.ActiveCfg = Debug|x64
		{EBF49745-BB07-43BB-8F78-D5416E582181}.Debug|x64.Build.0 = Debug|x64
		{EBF49745-BB07-43BB-8F78-D5416E582181}.Debug|x86.ActiveCfg = Debug|Win32
		{EBF49745-BB07-43BB-8F78-D5416E582181}.Debug|x86.Build.0 = Debug|Win32
		{EBF49745-BB07-43BB-8F78-D5416E582181}.Release|x64.ActiveCfg = Release|x64
		{EBF49745-BB07-43BB-8F78-D5416E582181}.Release|x64.Build.0 = Release|x64
		{EBF49745-BB07-43BB-8F78-D5416E582181}.Release|x86.ActiveCfg = Release|Win32
		{EBF49745-BB07-43BB-8F78-D5416E582181}.Release|x86.Build.0 = Release|Win32
		{F19CEBCE-323D-4889-B914-848E3C0C0344}.Debug|x64.ActiveCfg = Debug|x64
		{F19CEBCE-323D-4889-B914-848E3C0C0344}.Debug|x64.Build.0 = Debug|x64
		{F19CEBCE-323D-4889-B914-848E3C0C0344}.Debug|x86.ActiveCfg = Debug|Win32
		{F19CEBCE-323D-4889-B914-848E3C0C0344}.Debug|x86.Build.0 = Debug|Win32
		{F19CEBCE-323D-4889-B914-848E3C0C0344}.Release|x64.ActiveCfg = Release|x64
		{F19CEBCE-323D-4889-B914-848E3C0C0344}.Release|x64.Build.0 = Release|x64
		{F19CEBCE-323D-4889-B914-848E3C0C0344}.Release|x86.ActiveCfg = Release|Win32
		{F19CEBCE-323D-4889-B914-848E3C0C0344}.Release|x86.Build.0 = Release|Win32
		{26E7A817-1607-40D4-8937-A28A1682D664}.Debug|x64.ActiveCfg = Debug|x64
		{26E7A817-1607-40D4-8937-A28A1682D664}.Debug|x64.Build.0 = Debug|x64
		{26E7A817-1607-40D4-8937-A28A1682D664}.Debug|x86.ActiveCfg = Debug|Win32
		{26E7A817-1607-40D4-8937-A28A1682D664}.Debug|x86.Build.0 = Debug|Win32
		{26E7A817-1607-40D4-8937-A28A1682D664}.Release|x64.ActiveCfg = Release|x64
		{26E7A817-1607-40D4-8937-A28A1682D664}.Release|x64.Build.0 = Release|x64
		{26E7A817-1607-40D4-8937-A28A1682D664}.Release|x86.ActiveCfg = Release|Win32
		{26E7A817-1607-40D4-8937-A28A1682D664}.Release|x86.Build.0 = Release|Win32
		{ABB866DB-E0DF-4D48-8395-866CA329B69F}.Debug|x64.ActiveCfg = Debug|x64
		{ABB866DB-E0DF-4D48-8395-866CA329B69F}.Debug|x64.Build.0 = Debug|x64
		{ABB866DB-E0DF-4D48-8395-866CA329B69F}.Debug|x86.ActiveCfg = Debug|Win32
		{ABB866DB-E0DF-4D48-8395-866CA329B69F}.Debug|x86.Build.0 = Debug|Win32
		{ABB866DB-E0DF-4D48-8395-866CA329B69F}.Release|x64.ActiveCfg = Release|x64
		{ABB866DB-E0DF-4D48-8395-866CA329B69F}.Release|x64.Build.0 = Release|x64
		{ABB866DB-E0DF-4D48-8395-866CA329B69F}.Release|x86.ActiveCfg = Release|Win32
		{ABB866DB-E0DF-4D48-8395-866CA329B69F}.Release|x86.Build.0 = Release|Win32
		{E8FC3A3D-6C2B-4A95-890D-8145659A99E0}.Debug|x64.ActiveCfg = Debug|x64
		{E8FC3A3D-6C2B-4A95-890D-8145659A99E0}.Debug|x64.Build.0 = Debug|x64
		{E8FC3A3D-6C2B-4A95-890D-8145659A99E0}.Debug|x86.ActiveCfg = Debug|Win32
		{E8FC3A3D-6C2B-4A95-890D-8145659A99E0}.Debug|x86.Build.0 = Debug|Win32
		{E8FC3A3D-6C2B-4A95-890D-8145659A99E0}.Release|x64.ActiveCfg = Release|x64
		{E8FC3A3D-6C2B-4A95-890D-8145659A99E0}.Release|x64.Build.0 = Release|x64
		{E8FC3A3D-6C2B-4A95-890D-8145659A99E0}.Release|x86.ActiveCfg = Release|Win32
		{E8FC3A3D-6C2B-4A95-890D-8145659A99E0}.Release|x86.Build.0 = Release|Win32
		{B5557AEE-B16E-43C7-A244-50190B78DF5B}.Debug|x64.ActiveCfg = Debug|x64
		{B5557AEE-B16E-43C7-A244-50190B78DF5B}.Debug|x64.Build.0 = Debug|x64
		{B5557AEE-B16E-43C7-A244-50190B78DF5B}.Debug|x86.ActiveCfg = Debug|Win32
		{B5557AEE-B16E-43C7-A244-50190B78DF5B}.Debug|x86.Build.0 = Debug|Win32
		{B5557AEE-B16E-43C7-A244-50190B78DF5B}.Release|x64.ActiveCfg = Release|x64
		{B5557AEE-B16E-43C7-A244-50190B78DF5B}.Release|x64.Build.0 = Release|x64
		{B5557AEE-B16E-43C7-A244-50190B78DF5B}.Release|x86.ActiveCfg = Release|Win32
		{B5557AEE-B16E-43C7-A244-50190B78DF5B}.Release|x86.Build.0 = Release|Win32
		{C159A4F1-C6B3-421C-8544-D53D1585228C}.Debug|x64.ActiveCfg = Debug|x64
		{C159A4F1-C6B3-421C-8544-D53D1585228C}.Debug|x64.Build.0 = Debug|x64
		{C159A4F1-C6B3-421C-8544-D53D1585228C}.Debug|x86.ActiveCfg = Debug|Win32
		{C159A4F1-C6B3-421C-8544-D53D1585228C}.Debug|x86.Build.0 = Debug|Win32
		{C159A4F1-C6B3-421C-8544-D53D1585228C}.Release|x64.ActiveCfg = Release|x64
		{C159A4F1-C6B3-421C-8544-D53D1585228C}.Release|x64.Build.0 = Release|x64
		{C159A4F1-C6B3-421C-8544-D53D1585228C}.Release|x86.ActiveCfg = Release|Win32
		{C159A4F1-C6B3-421C-8544-D53D1585228C}.Release|x86.Build.0 = Release|Win32
		{F29B2343-6992-4782-A421-42196DD8AF89}.Debug|x64.ActiveCfg = Debug|x64
		{F29B2343-6992-4782-A421-42196DD8AF89}.Debug|x64.Build.0 = Debug|x64
		{F29B2343-6992-4782-A421-42196DD8AF89}.Debug|x86.ActiveCfg = Debug|Win32
		{F29B2343-6992-4782-A421-42196DD8AF89}.Debug|x86.Build.0 = Debug|Win32
		{F29B2343-6992-4782-A421-42196DD8AF89}.Release|x64.ActiveCfg = Release|x64
		{F29B2343-6992-4782-A421-42196DD8AF89}.Release|x64.Build.0 = Release|x64
		{F29B2343-6992-4782-A421-42196DD8AF89}.Release|x86.ActiveCfg = Release|Win32
		{F29B2343-6992-4782-A421-42196DD8AF89}.Release|x86.Build.0 = Release|Win32
		{11606778-1DEE-4541-A5C3-EDAA6D8C64CD}.Debug|x64.ActiveCfg = Debug|x64
		{11606778-1DEE-4541-A5C3-EDAA6D8C64CD}.Debug|x64.Build.0 = Debug|x64
		{11606778-1DEE-4541-A5C3-EDAA6D8C64CD}.Debug|x86.ActiveCfg = Debug|Win32
		{11606778-1DEE-4541-A5C3-EDAA6D8C64CD}.Debug|x86.Build.0 = Debug|Win32
		{11606778-1DEE-4541-A5C3-EDAA6D8C64CD}.Release|x64.ActiveCfg = Release|x64
		{11606778-1DEE-4541-A5C3-EDAA6D8C64CD}.Release|x64.Build.0 = Release|x64
		{11606778-1DEE-4541-A5C3-EDAA6D8C64CD}.Release|x86.ActiveCfg = Release|Win32
		{11606778-1DEE-4541-A5C3-EDAA6D8C64CD}.Release|x86.Build.0 = Release|Win32
		{910358C7-7AA1-4819-A677-A83F0217D243}.Debug|x64.ActiveCfg = Debug|x64
		{910358C7-7AA1-4819-A677-A83F0217D243}.Debug|x64.Build.0 = Debug|x64
		{910358C7-7AA1-4819-A677-A83F0217D243}.Debug|x86.ActiveCfg = Debug|Win32
		{910358C7-7AA1-4819-A677-A83F0217D243}.Debug|x86.Build.0 = Debug|Win32
		{910358C7-7AA1-4819-A677-A83F0217D243}.Release|x64.ActiveCfg = Release|x64
		{910358C7-7AA1-4819-A677-A83F0217D243}.Release|x64.Build.0 = Release|x64
		{910358C7-7AA1-4819-A677-A83F0217D243}.Release|x86.ActiveCfg = Release|Win32
		{910358C7-7AA1-4819-A677-A83F0217D243}.Release|x86.Build.0 = Release|Win32
		{C1E0B105-9A78-4B02-9C99-133C6FB85C8B}.Debug|x64.ActiveCfg = Debug|x64
		{C1E0B105-9A78-4B02-9C99-133C6FB85C8B}.Debug|x64.Build.0 = Debug|x64
		{C1E0B105-9A78-4B02-9C99-133C6FB85C8B}.Debug|x86.ActiveCfg = Debug|Win32
		{C1E0B105-9A78-4B02-9C99-133C6FB85C8B}.Debug|x86.Build.0 = Debug|Win32
		{C1E0B105-9A78-4B02-9C99-133C6FB85C8B}.Release|x64.ActiveCfg = Release|x64
		{C1E0B105-9A78-4B02-9C99-133C6FB85C8B}.Release|x64.Build.0 = Release|x64
		{C1E0B105-9A78-4B02-9C99-133C6FB85C8B}.Release|x86.ActiveCfg = Release|Win32
		{C1E0B105-9A78-4B02-9C99-133C6FB85C8B}.Release|x86.Build.0 = Release|Win32
		{C6D9FEF6-3C96-4903-ABB0-2164891E76A6}.Debug|x64.ActiveCfg = Debug|x64
		{C6D9FEF6-3C96-4903-ABB0-2164891E76A6}.Debug|x64.Build.0 = Debug|x64
		{C6D9FEF6-3C96-4903-ABB0-2164891E76A6}.Debug|x86.ActiveCfg = Debug|Win32
		{C6D9FEF6-3C96-4903-ABB0-2164891E76A6}.Debug|x86.Build.0 = Debug|Win32
		{C6D9FEF6-3C96-4903-ABB0-2164891E76A6}.Release|x64.ActiveCfg = Release|x64
		{C6D9FEF6-3C96-4903-ABB0-2164891E76A6}.Release|x64.Build.0 = Release|x64
		{C6D9FEF6-3C96-4903-ABB0-2164891E76A6}.Release|x86.ActiveCfg = Release|Win32
		{C6D9FEF6-3C96-4903-ABB0-2164891E76A6}.Release|x86.Build.0 = Release|Win32
		{82E5674E-E9B0-4E9A-8EC8-27682FC7987F}.Debug|x64.ActiveCfg = Debug|x64
		{82E5674E-E9B0-4E9A-8EC8-27682FC7987F}.Debug|x64.Build.0 = Debug|x64
		{82E5674E-E9B0-4E9A-8EC8-27682FC7987F}.Debug|x86.ActiveCfg = Debug|Win32
		{82E5674E-E9B0-4E9A-8EC8-27682FC7987F}.Debug|x86.Build.0 = Debug|Win32
		{82E5674E-E9B0-4E9A-8EC8-27682FC7987F}.Release|x64.ActiveCfg = Release|x64
		{82E5674E-E9B0-4E9A-8EC8-27682FC7987F}.Release|x64.Build.0 = Release|x64
		{82E5674E-E9B0-4E9A-8EC8-27682FC7987F}.Release|x86.ActiveCfg = Release|Win32
		{82E5674E-E9B0-4E9A-8EC8-27682FC7987F}.Release|x86.Build.0 = Release|Win32
		{226B96F6-069E-4056-AB85-FB8888BA38E0}.Debug|x64.ActiveCfg = Debug|x64
		{226B96F6-069E-4056-AB85-FB8888BA38E0}.Debug|x64.Build.0 = Debug|x64
		{226B96F6-069E-4056-AB85-FB8888BA38E0}.Debug|x86.ActiveCfg = Debug|Win32
		{226B96F6-069E-4056-AB85-FB8888BA38E0}.Debug|x86.Build.0 = Debug|Win32
		{226B96F6-069E-4056-AB85-FB8888BA38E0}.Release|x64.ActiveCfg = Release|x64
		{226B96F6-069E-4056-AB85-FB8888BA38E0}.Release|x64.Build.0 = Release|x64
		{226B96F6-069E-4056-AB85-FB8888BA38E0}.Release|x86.ActiveCfg = Release|Win32
		{226B96F6-069E-4056-AB85-FB8888BA38E0}.Release|x86.Build.0 = Release|Win32
		{F2BCFDC3-6D3C-4861-8BDC-DCFA7FECA8BA}.Debug|x64.ActiveCfg = Debug|x64
		{F2BCFDC3-6D3C-4861-8BDC-DCFA7FECA8BA}.Debug|x64.Build.0 = Debug|x64
		{F2BCFDC3-6D3C-4861-8BDC-DCFA7FECA8BA}.Debug|x86.ActiveCfg = Debug|Win32
		{F2BCFDC3-6D3C-4861-8BDC-DCFA7FECA8BA}.Debug|x86.Build.0 = Debug|Win32
		{F2BCFDC3-6D3C-4861-8BDC-DCFA7FECA8BA}.Release|x64.ActiveCfg = Release|x64
		{F2BCFDC3-6D3C-4861-8BDC-DCFA7FECA8BA}.Release|x64.Build.0 = Release|x64
		{F2BCFDC3-6D3C-4861-8BDC-DCFA7FECA8BA}.Release|x86.ActiveCfg = Release|Win32
		{F2BCFDC3-6D3C-4861-8BDC-DCFA7FECA8BA}.Release|x86.Build.0 = Release|Win32
		{14EFA96E-5094-49EF-B5C7-ABC8DF97D3AD}.Debug|x64.ActiveCfg = Debug|x64
		{14EFA96E-5094-49EF-B5C7-ABC8DF97D3AD}.Debug|x64.Build.0 = Debug|x64
		{14EFA96E-5094-49EF-B5C7-ABC8DF97D3AD}.Debug|x86.ActiveCfg = Debug|Win32
		{14EFA96E-5094-49EF-B5C7-ABC8DF97D3AD}.Debug|x86.Build.0 = Debug|Win32
		{14EFA96E-5094-49EF-B5C7-ABC8DF97D3AD}.Release|x64.ActiveCfg = Release|x64
		{14EFA96E-5094-49EF-B5C7-ABC8DF97D3AD}.Release|x64.Build.0 = Release|x64
		{14EFA96E-5094-49EF-B5C7-ABC8DF97D3AD}.Release|x86.ActiveCfg = Release|Win32
		{14EFA96E-5094-49EF-B5C7-ABC8DF97D3AD}.Release|x86.Build.0 = Release|Win32
		{0CBD4E26-AB36-4BCE-B299-93BBD39875B1}.Debug|x64.ActiveCfg = Debug|x64
		{0CBD4E26-AB36-4BCE-B299-93BBD39875B1}.Debug|x64.Build.0 = Debug|x64
		{0CBD4E26-AB36-4BCE-B299-93BBD39875B1}.Debug|x86.ActiveCfg = Debug|Win32
		{0CBD4E26-AB36-4BCE-B299-93BBD39875B1}.Debug|x86.Build.0 = Debug|Win32
		{0CBD4E26-AB36-4BCE-B299-93BBD39875B1}.Release|x64.ActiveCfg = Release|x64
		{0CBD4E26-AB36-4BCE-B299-93BBD39875B1}.Release|x64.Build.0 = Release|x64
		{0CBD4E26-AB36-4BCE-B299-93BBD39875B1}.Release|x86.ActiveCfg = Release|Win32
		{0CBD4E26-AB36-4BCE-B299-93BBD39875B1}.Release|x86.Build.0 = Release|Win32
		{4B88EFCF-7F27-4C41-AB0A-4C40659BEF14}.Debug|x64.ActiveCfg = Debug|x64
		{4B88EFCF-7F27-4C41-AB0A-4C40659BEF14}.Debug|x64.Build.0 = Debug|x64
		{4B88EFCF-7F27-4C41-AB0A-4C40659BEF14}.Debug|x86.ActiveCfg = Debug|Win32
		{4B88EFCF-7F27-4C41-AB0A-4C40659BEF14}.Debug|x86.Build.0 = Debug|Win32
		{4B88EFCF-7F27-4C41-AB0A-4C40659BEF14}.Release|x64.ActiveCfg = Release|x64
		{4B88EFCF-7F27-4C41-AB0A-4C40659BEF14}.Release|x64.Build.0 = Release|x64
		{4B88EFCF-7F27-4C41-AB0A-4C40659BEF14}.Release|x86.ActiveCfg = Release|Win32
		{4B88EFCF-7F27-4C41-AB0A-4C40659BEF14}.Release|x86.Build.0 = Release|Win32
		{F346608B-B2D8-47D8-A02B-8AF2F0BA25BF}.Debug|x64.ActiveCfg = Debug|x64
		{F346608B-B2D8-47D8-A02B-8AF2F0BA25BF}.Debug|x64.Build.0 = Debug|x64
		{F346608B-B2D8-47D8-A02B-8AF2F0BA25BF}.Debug|x86.ActiveCfg = Debug|Win32
		{F346608B-B2D8-47D8-A02B-8AF2F0BA25BF}.Debug|x86.Build.0 = Debug|Win32
		{F346608B-B2D8-47D8-A02B-8AF2F0BA25BF}.Release|x64.ActiveCfg = Release|x64
		{F346608B-B2D8-47D8-A02B-8AF2F0BA25BF}.Release|x64.Build.0 = Release|x64
		{F346608B-B2D8-47D8-A02B-8AF2F0BA25BF}.Release|x86.ActiveCfg = Release|Win32
		{F346608B-B2D8-47D8-A02B-8AF2F0BA25BF}.Release|x86.Build.0 = Release|Win32
		{4E0C4752-5012-4FA3-A41F-43AEF7E516FF}.Debug|x64.ActiveCfg = Debug|x64
		{4E0C4752-5012-4FA3-A41F-43AEF7E516FF}.Debug|x64.Build.0 = Debug|x64
		{4E0C4752-5012-4FA3-A41F-43AEF7E516FF}.Debug|x86.ActiveCfg = Debug|Win32
		{4E0C4752-5012-4FA3-A41F-43AEF7E516FF}.Debug|x86.Build.0 = Debug|Win32
		{4E0C4752-5012-4FA3-A41F-43AEF7E516FF}.Release|x64.ActiveCfg = Release|x64
		{4E0C4752-5012-4FA3-A41F-43AEF7E516FF}.Release|x64.Build.0 = Release|x64
		{4E0C4752-5012-4FA3-A41F-43AEF7E516FF}.Release|x86.ActiveCfg = Release|Win32
		{4E0C4752-5012-4FA3-A41F-43AEF7E516FF}.Release|x86.Build.0 = Release|Win32
		{9C6CAA42-6185-4D5C-8BBD-8194D9CFC8DF}.Debug|x64.ActiveCfg = Debug|x64
		{9C6CAA42-6185-4D5C-8BBD-8194D9CFC8DF}.Debug|x64.Build.0 = Debug|x64
		{9C6CAA42-6185-4D5C-8BBD-8194D9CFC8DF}.Debug|x86.ActiveCfg = Debug|Win32
		{9C6CAA42-6185-4D5C-8BBD-8194D9CFC8DF}.Debug|x86.Build.0 = Debug|Win32
		{9C6CAA42-6185-4D5C-8BBD-8194D9CFC8DF}.Release|x64.ActiveCfg = Release|x64
		{9C6CAA42-6185-4D5C-8BBD-8194D9CFC8DF}.Release|x64.Build.0 = Release|x64
		{9C6CAA42-6185-4D5C-8BBD-8194D9CFC8DF}.Release|x86.ActiveCfg = Release|Win32
		{9C6CAA42-6185-4D5C-8BBD-8194D9CFC8DF}.Release|x86.Build.0 = Release|Win32
	EndGlobalSection
	GlobalSection(SolutionProperties) = preSolution
		HideSolutionNode = FALSE
	EndGlobalSection
	GlobalSection(ExtensibilityGlobals) = postSolution
		SolutionGuid = {B208DFED-BF2B-44D7-A024-CAD5979BFD63}
	EndGlobalSection
EndGlobal
